
Microsoft Visual Studio Solution File, Format Version 12.00
# Visual Studio Version 17
VisualStudioVersion = 17.7.34221.43
MinimumVisualStudioVersion = 10.0.40219.1
Project("{FAE04EC0-301F-11D3-BF4B-00C04F79EFBC}") = "WindowsFormsApp1", "WindowsFormsApp1\WindowsFormsApp1.csproj", "{5ED24E85-C312-43D0-88CC-4B8490859231}"
EndProject
Global
	GlobalSection(SolutionConfigurationPlatforms) = preSolution
		Debug|Any CPU = Debug|Any CPU
		Release|Any CPU = Release|Any CPU
	EndGlobalSection
	GlobalSection(ProjectConfigurationPlatforms) = postSolution
		{5ED24E85-C312-43D0-88CC-4B8490859231}.Debug|Any CPU.ActiveCfg = Debug|Any CPU
		{5ED24E85-C312-43D0-88CC-4B8490859231}.Debug|Any CPU.Build.0 = Debug|Any CPU
		{5ED24E85-C312-43D0-88CC-4B8490859231}.Release|Any CPU.ActiveCfg = Release|Any CPU
		{5ED24E85-C312-43D0-88CC-4B8490859231}.Release|Any CPU.Build.0 = Release|Any CPU
	EndGlobalSection
	GlobalSection(SolutionProperties) = preSolution
		HideSolutionNode = FALSE
	EndGlobalSection
	GlobalSection(ExtensibilityGlobals) = postSolution
		SolutionGuid = {B52E3D7A-A520-4B76-AC84-5A4AB95FC6AA}
	EndGlobalSection
EndGlobal
